{
  "name": "web3-examples",
  "version": "0.0.1",
  "lockfileVersion": 2,
  "requires": true,
  "packages": {
    "": {
      "name": "web3-examples",
      "version": "0.0.1",
      "license": "MIT",
      "workspaces": [
        "packages/*",
        "apps/*"
      ],
      "devDependencies": {
        "turbo": "^1.4.7"
      }
    },
    "node_modules/turbo": {
      "version": "1.4.7",
      "resolved": "https://registry.npmjs.org/turbo/-/turbo-1.4.7.tgz",
      "integrity": "sha512-oIk7PAISPidDOkTM5M+ydEe5GDQ/+TahDgIbaYKeAAy2Qpmur4s0HybSDWHIdxLqI96OPD/mOKymRLrjh3Mdhg==",
      "dev": true,
      "hasInstallScript": true,
      "bin": {
        "turbo": "bin/turbo"
      },
      "optionalDependencies": {
        "turbo-android-arm64": "1.4.7",
        "turbo-darwin-64": "1.4.7",
        "turbo-darwin-arm64": "1.4.7",
        "turbo-freebsd-64": "1.4.7",
        "turbo-freebsd-arm64": "1.4.7",
        "turbo-linux-32": "1.4.7",
        "turbo-linux-64": "1.4.7",
        "turbo-linux-arm": "1.4.7",
        "turbo-linux-arm64": "1.4.7",
        "turbo-linux-mips64le": "1.4.7",
        "turbo-linux-ppc64le": "1.4.7",
        "turbo-windows-32": "1.4.7",
        "turbo-windows-64": "1.4.7",
        "turbo-windows-arm64": "1.4.7"
      }
    },
    "node_modules/turbo-android-arm64": {
      "version": "1.4.7",
      "resolved": "https://registry.npmjs.org/turbo-android-arm64/-/turbo-android-arm64-1.4.7.tgz",
      "integrity": "sha512-BtWtH8e8w1GhtYpGQmkcDS/AUzVZhQ4ZZN+qtUFei1wZD7VAdtJ9Wcsfi3WD+mXA6vtpIpRJVfQMcShr8l8ErA==",
      "cpu": [
        "arm64"
      ],
      "dev": true,
      "optional": true,
      "os": [
        "android"
      ]
    },
    "node_modules/turbo-darwin-64": {
      "version": "1.4.7",
      "resolved": "https://registry.npmjs.org/turbo-darwin-64/-/turbo-darwin-64-1.4.7.tgz",
      "integrity": "sha512-bMvZaAz5diec9feZ0XpQosYI8U0kiOQM2tj2sv0Y2WZbe227wodVMCQMyUowmcotO8nr6NF76Xo5E+H+dnY6LQ==",
      "cpu": [
        "x64"
      ],
      "dev": true,
      "optional": true,
      "os": [
        "darwin"
      ]
    },
    "node_modules/turbo-darwin-arm64": {
      "version": "1.4.7",
      "resolved": "https://registry.npmjs.org/turbo-darwin-arm64/-/turbo-darwin-arm64-1.4.7.tgz",
      "integrity": "sha512-AyfxYfKgh1EigQKjypbnDoMLuy4e/n/go+KYiWKKIpOaWXWLBokrBWzYN/aI3NMDRUJWK5ExdlWI9Nleelq8uQ==",
      "cpu": [
        "arm64"
      ],
      "dev": true,
      "optional": true,
      "os": [
        "darwin"
      ]
    },
    "node_modules/turbo-freebsd-64": {
      "version": "1.4.7",
      "resolved": "https://registry.npmjs.org/turbo-freebsd-64/-/turbo-freebsd-64-1.4.7.tgz",
      "integrity": "sha512-T5/osfbCh0rL53MFS5byFFfsR3vPMHIKIJ4fMMCNkoHsmFj2R0Pv53nqhEItogt0FJwCDHPyt7oBqO83H/AWQQ==",
      "cpu": [
        "x64"
      ],
      "dev": true,
      "optional": true,
      "os": [
        "freebsd"
      ]
    },
    "node_modules/turbo-freebsd-arm64": {
      "version": "1.4.7",
      "resolved": "https://registry.npmjs.org/turbo-freebsd-arm64/-/turbo-freebsd-arm64-1.4.7.tgz",
      "integrity": "sha512-PL+SaO78AUCas+YKj01UiS2rpmGcxz8XPmLdFWmq6PYjPX6GL5UBAc3pkBphIm0aTLZtsikoEul+JrwAuAy6UA==",
      "cpu": [
        "arm64"
      ],
      "dev": true,
      "optional": true,
      "os": [
        "freebsd"
      ]
    },
    "node_modules/turbo-linux-32": {
      "version": "1.4.7",
      "resolved": "https://registry.npmjs.org/turbo-linux-32/-/turbo-linux-32-1.4.7.tgz",
      "integrity": "sha512-dK94UwDzySMALoQtjBVVPbWJZP6xw3yHGuytM3q5p4kfMZPSA+rgNBn5T5Af2Rc7jxlLAsu5ODJ0SgIbWSF5Hg==",
      "cpu": [
        "ia32"
      ],
      "dev": true,
      "optional": true,
      "os": [
        "linux"
      ]
    },
    "node_modules/turbo-linux-64": {
      "version": "1.4.7",
      "resolved": "https://registry.npmjs.org/turbo-linux-64/-/turbo-linux-64-1.4.7.tgz",
      "integrity": "sha512-F6IM23zgTYo9gYJaNp17gVvQBt0hMIvz52OF91DpPYSLpV2h9OSlzPJ3j5TGaWueS/bc/YCV23+VojXX/MauGQ==",
      "cpu": [
        "x64"
      ],
      "dev": true,
      "optional": true,
      "os": [
        "linux"
      ]
    },
    "node_modules/turbo-linux-arm": {
      "version": "1.4.7",
      "resolved": "https://registry.npmjs.org/turbo-linux-arm/-/turbo-linux-arm-1.4.7.tgz",
      "integrity": "sha512-FTh4itdMNZ7IxGKknFnQ6iPO9vGGKqyySkCYLR01lnw6BTnKL9KuM9XUCBRyn7dNmHhAnqu1ZtVsBkH7CE7DEw==",
      "cpu": [
        "arm"
      ],
      "dev": true,
      "optional": true,
      "os": [
        "linux"
      ]
    },
    "node_modules/turbo-linux-arm64": {
      "version": "1.4.7",
      "resolved": "https://registry.npmjs.org/turbo-linux-arm64/-/turbo-linux-arm64-1.4.7.tgz",
      "integrity": "sha512-kFe5jzj3FoY6jAEwyNEswndj1t/fPl0qyxfcQv6aNPz7Nb2Lh7mY/EEse+CG3ydIo5RZKba7ppQoBSDmHx7JsA==",
      "cpu": [
        "arm64"
      ],
      "dev": true,
      "optional": true,
      "os": [
        "linux"
      ]
    },
    "node_modules/turbo-linux-mips64le": {
      "version": "1.4.7",
      "resolved": "https://registry.npmjs.org/turbo-linux-mips64le/-/turbo-linux-mips64le-1.4.7.tgz",
      "integrity": "sha512-756nG8dnPQVcnl9s70S4NQ43aJjpsnc2h0toktPO+9u2ayv9XTbIPvZLFsS55bDeYhodDGvxoB96W6Xnx01hyQ==",
      "cpu": [
        "mipsel"
      ],
      "dev": true,
      "optional": true,
      "os": [
        "linux"
      ]
    },
    "node_modules/turbo-linux-ppc64le": {
      "version": "1.4.7",
      "resolved": "https://registry.npmjs.org/turbo-linux-ppc64le/-/turbo-linux-ppc64le-1.4.7.tgz",
      "integrity": "sha512-VS2ofGN/XsafNGJdZ21UguURHb7KRG879yWLj59hO1d+0xXXQbx7ljsmEPOhiE4UjEdx4Ur6P44BhztTgDx9Og==",
      "cpu": [
        "ppc64"
      ],
      "dev": true,
      "optional": true,
      "os": [
        "linux"
      ]
    },
    "node_modules/turbo-windows-32": {
      "version": "1.4.7",
      "resolved": "https://registry.npmjs.org/turbo-windows-32/-/turbo-windows-32-1.4.7.tgz",
      "integrity": "sha512-M5GkZdA0CbJAOcR8SScM63CBV+NtX7qjhoNNOl0F99nGJ+rO3dH71CcM/rbhlz9SQzKQoX8rcuwZHe4r2HZAug==",
      "cpu": [
        "ia32"
      ],
      "dev": true,
      "optional": true,
      "os": [
        "win32"
      ]
    },
    "node_modules/turbo-windows-64": {
      "version": "1.4.7",
      "resolved": "https://registry.npmjs.org/turbo-windows-64/-/turbo-windows-64-1.4.7.tgz",
      "integrity": "sha512-ftZUtZ1BX1vi8MbxKr+a7riIkhwvGnNTtWGprVu+aDJ8PnV+lNqbkrLJGvKP7Cn22hGTfzcjNNPcJ5PBZpQEQw==",
      "cpu": [
        "x64"
      ],
      "dev": true,
      "optional": true,
      "os": [
        "win32"
      ]
    },
    "node_modules/turbo-windows-arm64": {
      "version": "1.4.7",
      "resolved": "https://registry.npmjs.org/turbo-windows-arm64/-/turbo-windows-arm64-1.4.7.tgz",
      "integrity": "sha512-mZ79XeJFfaeVKdBV3w0eoGaqAxFnwxrme0jZtSWemAbeDSCF/13wcbLGwtq0+Lu0LxEGweeQ5AqsCIc9t9i6sA==",
      "cpu": [
        "arm64"
      ],
      "dev": true,
      "optional": true,
      "os": [
        "win32"
      ]
    }
  },
  "dependencies": {
    "turbo": {
      "version": "1.4.7",
      "resolved": "https://registry.npmjs.org/turbo/-/turbo-1.4.7.tgz",
      "integrity": "sha512-oIk7PAISPidDOkTM5M+ydEe5GDQ/+TahDgIbaYKeAAy2Qpmur4s0HybSDWHIdxLqI96OPD/mOKymRLrjh3Mdhg==",
      "dev": true,
      "requires": {
        "turbo-android-arm64": "1.4.7",
        "turbo-darwin-64": "1.4.7",
        "turbo-darwin-arm64": "1.4.7",
        "turbo-freebsd-64": "1.4.7",
        "turbo-freebsd-arm64": "1.4.7",
        "turbo-linux-32": "1.4.7",
        "turbo-linux-64": "1.4.7",
        "turbo-linux-arm": "1.4.7",
        "turbo-linux-arm64": "1.4.7",
        "turbo-linux-mips64le": "1.4.7",
        "turbo-linux-ppc64le": "1.4.7",
        "turbo-windows-32": "1.4.7",
        "turbo-windows-64": "1.4.7",
        "turbo-windows-arm64": "1.4.7"
      }
    },
    "turbo-android-arm64": {
      "version": "1.4.7",
      "resolved": "https://registry.npmjs.org/turbo-android-arm64/-/turbo-android-arm64-1.4.7.tgz",
      "integrity": "sha512-BtWtH8e8w1GhtYpGQmkcDS/AUzVZhQ4ZZN+qtUFei1wZD7VAdtJ9Wcsfi3WD+mXA6vtpIpRJVfQMcShr8l8ErA==",
      "dev": true,
      "optional": true
    },
    "turbo-darwin-64": {
      "version": "1.4.7",
      "resolved": "https://registry.npmjs.org/turbo-darwin-64/-/turbo-darwin-64-1.4.7.tgz",
      "integrity": "sha512-bMvZaAz5diec9feZ0XpQosYI8U0kiOQM2tj2sv0Y2WZbe227wodVMCQMyUowmcotO8nr6NF76Xo5E+H+dnY6LQ==",
      "dev": true,
      "optional": true
    },
    "turbo-darwin-arm64": {
      "version": "1.4.7",
      "resolved": "https://registry.npmjs.org/turbo-darwin-arm64/-/turbo-darwin-arm64-1.4.7.tgz",
      "integrity": "sha512-AyfxYfKgh1EigQKjypbnDoMLuy4e/n/go+KYiWKKIpOaWXWLBokrBWzYN/aI3NMDRUJWK5ExdlWI9Nleelq8uQ==",
      "dev": true,
      "optional": true
    },
    "turbo-freebsd-64": {
      "version": "1.4.7",
      "resolved": "https://registry.npmjs.org/turbo-freebsd-64/-/turbo-freebsd-64-1.4.7.tgz",
      "integrity": "sha512-T5/osfbCh0rL53MFS5byFFfsR3vPMHIKIJ4fMMCNkoHsmFj2R0Pv53nqhEItogt0FJwCDHPyt7oBqO83H/AWQQ==",
      "dev": true,
      "optional": true
    },
    "turbo-freebsd-arm64": {
      "version": "1.4.7",
      "resolved": "https://registry.npmjs.org/turbo-freebsd-arm64/-/turbo-freebsd-arm64-1.4.7.tgz",
      "integrity": "sha512-PL+SaO78AUCas+YKj01UiS2rpmGcxz8XPmLdFWmq6PYjPX6GL5UBAc3pkBphIm0aTLZtsikoEul+JrwAuAy6UA==",
      "dev": true,
      "optional": true
    },
    "turbo-linux-32": {
      "version": "1.4.7",
      "resolved": "https://registry.npmjs.org/turbo-linux-32/-/turbo-linux-32-1.4.7.tgz",
      "integrity": "sha512-dK94UwDzySMALoQtjBVVPbWJZP6xw3yHGuytM3q5p4kfMZPSA+rgNBn5T5Af2Rc7jxlLAsu5ODJ0SgIbWSF5Hg==",
      "dev": true,
      "optional": true
    },
    "turbo-linux-64": {
      "version": "1.4.7",
      "resolved": "https://registry.npmjs.org/turbo-linux-64/-/turbo-linux-64-1.4.7.tgz",
      "integrity": "sha512-F6IM23zgTYo9gYJaNp17gVvQBt0hMIvz52OF91DpPYSLpV2h9OSlzPJ3j5TGaWueS/bc/YCV23+VojXX/MauGQ==",
      "dev": true,
      "optional": true
    },
    "turbo-linux-arm": {
      "version": "1.4.7",
      "resolved": "https://registry.npmjs.org/turbo-linux-arm/-/turbo-linux-arm-1.4.7.tgz",
      "integrity": "sha512-FTh4itdMNZ7IxGKknFnQ6iPO9vGGKqyySkCYLR01lnw6BTnKL9KuM9XUCBRyn7dNmHhAnqu1ZtVsBkH7CE7DEw==",
      "dev": true,
      "optional": true
    },
    "turbo-linux-arm64": {
      "version": "1.4.7",
      "resolved": "https://registry.npmjs.org/turbo-linux-arm64/-/turbo-linux-arm64-1.4.7.tgz",
      "integrity": "sha512-kFe5jzj3FoY6jAEwyNEswndj1t/fPl0qyxfcQv6aNPz7Nb2Lh7mY/EEse+CG3ydIo5RZKba7ppQoBSDmHx7JsA==",
      "dev": true,
      "optional": true
    },
    "turbo-linux-mips64le": {
      "version": "1.4.7",
      "resolved": "https://registry.npmjs.org/turbo-linux-mips64le/-/turbo-linux-mips64le-1.4.7.tgz",
      "integrity": "sha512-756nG8dnPQVcnl9s70S4NQ43aJjpsnc2h0toktPO+9u2ayv9XTbIPvZLFsS55bDeYhodDGvxoB96W6Xnx01hyQ==",
      "dev": true,
      "optional": true
    },
    "turbo-linux-ppc64le": {
      "version": "1.4.7",
      "resolved": "https://registry.npmjs.org/turbo-linux-ppc64le/-/turbo-linux-ppc64le-1.4.7.tgz",
      "integrity": "sha512-VS2ofGN/XsafNGJdZ21UguURHb7KRG879yWLj59hO1d+0xXXQbx7ljsmEPOhiE4UjEdx4Ur6P44BhztTgDx9Og==",
      "dev": true,
      "optional": true
    },
    "turbo-windows-32": {
      "version": "1.4.7",
      "resolved": "https://registry.npmjs.org/turbo-windows-32/-/turbo-windows-32-1.4.7.tgz",
      "integrity": "sha512-M5GkZdA0CbJAOcR8SScM63CBV+NtX7qjhoNNOl0F99nGJ+rO3dH71CcM/rbhlz9SQzKQoX8rcuwZHe4r2HZAug==",
      "dev": true,
      "optional": true
    },
    "turbo-windows-64": {
      "version": "1.4.7",
      "resolved": "https://registry.npmjs.org/turbo-windows-64/-/turbo-windows-64-1.4.7.tgz",
      "integrity": "sha512-ftZUtZ1BX1vi8MbxKr+a7riIkhwvGnNTtWGprVu+aDJ8PnV+lNqbkrLJGvKP7Cn22hGTfzcjNNPcJ5PBZpQEQw==",
      "dev": true,
      "optional": true
    },
    "turbo-windows-arm64": {
      "version": "1.4.7",
      "resolved": "https://registry.npmjs.org/turbo-windows-arm64/-/turbo-windows-arm64-1.4.7.tgz",
      "integrity": "sha512-mZ79XeJFfaeVKdBV3w0eoGaqAxFnwxrme0jZtSWemAbeDSCF/13wcbLGwtq0+Lu0LxEGweeQ5AqsCIc9t9i6sA==",
      "dev": true,
      "optional": true
    }
  }
}
